// !$*UTF8*$!
{
	archiveVersion = 1;
	classes = {
	};
	objectVersion = 46;
	objects = {

/* Begin PBXBuildFile section */
		BB2459381CAB0D170092F8C5 /* ImageManager.swift in Sources */ = {isa = PBXBuildFile; fileRef = BB2459371CAB0D170092F8C5 /* ImageManager.swift */; };
		BB24593A1CAB15BD0092F8C5 /* AvatarPreviewViewController.swift in Sources */ = {isa = PBXBuildFile; fileRef = BB2459391CAB15BD0092F8C5 /* AvatarPreviewViewController.swift */; };
		BB24593C1CAB182B0092F8C5 /* Animator.swift in Sources */ = {isa = PBXBuildFile; fileRef = BB24593B1CAB182B0092F8C5 /* Animator.swift */; };
		BBBC39811CAA924600622957 /* AppDelegate.swift in Sources */ = {isa = PBXBuildFile; fileRef = BBBC39801CAA924600622957 /* AppDelegate.swift */; };
		BBBC39831CAA924600622957 /* ViewController.swift in Sources */ = {isa = PBXBuildFile; fileRef = BBBC39821CAA924600622957 /* ViewController.swift */; };
		BBBC39861CAA924600622957 /* Main.storyboard in Resources */ = {isa = PBXBuildFile; fileRef = BBBC39841CAA924600622957 /* Main.storyboard */; };
		BBBC39881CAA924600622957 /* Assets.xcassets in Resources */ = {isa = PBXBuildFile; fileRef = BBBC39871CAA924600622957 /* Assets.xcassets */; };
		BBBC398B1CAA924600622957 /* LaunchScreen.storyboard in Resources */ = {isa = PBXBuildFile; fileRef = BBBC39891CAA924600622957 /* LaunchScreen.storyboard */; };
		BBBC39931CAA963800622957 /* GitUser.swift in Sources */ = {isa = PBXBuildFile; fileRef = BBBC39921CAA963800622957 /* GitUser.swift */; };
		BBBC39951CAA96C600622957 /* GitUsersDataSource.swift in Sources */ = {isa = PBXBuildFile; fileRef = BBBC39941CAA96C600622957 /* GitUsersDataSource.swift */; };
		BBBC39971CAA994400622957 /* DataManager.swift in Sources */ = {isa = PBXBuildFile; fileRef = BBBC39961CAA994400622957 /* DataManager.swift */; };
		BBBC39991CAAB14200622957 /* ChunkManager.swift in Sources */ = {isa = PBXBuildFile; fileRef = BBBC39981CAAB14200622957 /* ChunkManager.swift */; };
		BBBC399B1CAAB29900622957 /* GitApiManager.swift in Sources */ = {isa = PBXBuildFile; fileRef = BBBC399A1CAAB29900622957 /* GitApiManager.swift */; };
		BBBC399D1CAAB4A200622957 /* GitJSONParser.swift in Sources */ = {isa = PBXBuildFile; fileRef = BBBC399C1CAAB4A200622957 /* GitJSONParser.swift */; };
		BBBC399F1CAAB52B00622957 /* GitDataProvider.swift in Sources */ = {isa = PBXBuildFile; fileRef = BBBC399E1CAAB52B00622957 /* GitDataProvider.swift */; };
		BBBC39A11CAACDF300622957 /* GitOperations.swift in Sources */ = {isa = PBXBuildFile; fileRef = BBBC39A01CAACDF300622957 /* GitOperations.swift */; };
/* End PBXBuildFile section */

/* Begin PBXFileReference section */
		BB2459371CAB0D170092F8C5 /* ImageManager.swift */ = {isa = PBXFileReference; fileEncoding = 4; lastKnownFileType = sourcecode.swift; path = ImageManager.swift; sourceTree = "<group>"; };
		BB2459391CAB15BD0092F8C5 /* AvatarPreviewViewController.swift */ = {isa = PBXFileReference; fileEncoding = 4; lastKnownFileType = sourcecode.swift; path = AvatarPreviewViewController.swift; sourceTree = "<group>"; };
		BB24593B1CAB182B0092F8C5 /* Animator.swift */ = {isa = PBXFileReference; fileEncoding = 4; lastKnownFileType = sourcecode.swift; path = Animator.swift; sourceTree = "<group>"; };
		BBBC397D1CAA924500622957 /* GitHubUsers.app */ = {isa = PBXFileReference; explicitFileType = wrapper.application; includeInIndex = 0; path = GitHubUsers.app; sourceTree = BUILT_PRODUCTS_DIR; };
		BBBC39801CAA924600622957 /* AppDelegate.swift */ = {isa = PBXFileReference; lastKnownFileType = sourcecode.swift; path = AppDelegate.swift; sourceTree = "<group>"; };
		BBBC39821CAA924600622957 /* ViewController.swift */ = {isa = PBXFileReference; lastKnownFileType = sourcecode.swift; path = ViewController.swift; sourceTree = "<group>"; };
		BBBC39851CAA924600622957 /* Base */ = {isa = PBXFileReference; lastKnownFileType = file.storyboard; name = Base; path = Base.lproj/Main.storyboard; sourceTree = "<group>"; };
		BBBC39871CAA924600622957 /* Assets.xcassets */ = {isa = PBXFileReference; lastKnownFileType = folder.assetcatalog; path = Assets.xcassets; sourceTree = "<group>"; };
		BBBC398A1CAA924600622957 /* Base */ = {isa = PBXFileReference; lastKnownFileType = file.storyboard; name = Base; path = Base.lproj/LaunchScreen.storyboard; sourceTree = "<group>"; };
		BBBC398C1CAA924600622957 /* Info.plist */ = {isa = PBXFileReference; lastKnownFileType = text.plist.xml; path = Info.plist; sourceTree = "<group>"; };
		BBBC39921CAA963800622957 /* GitUser.swift */ = {isa = PBXFileReference; fileEncoding = 4; lastKnownFileType = sourcecode.swift; path = GitUser.swift; sourceTree = "<group>"; };
		BBBC39941CAA96C600622957 /* GitUsersDataSource.swift */ = {isa = PBXFileReference; fileEncoding = 4; lastKnownFileType = sourcecode.swift; path = GitUsersDataSource.swift; sourceTree = "<group>"; };
		BBBC39961CAA994400622957 /* DataManager.swift */ = {isa = PBXFileReference; fileEncoding = 4; lastKnownFileType = sourcecode.swift; path = DataManager.swift; sourceTree = "<group>"; };
		BBBC39981CAAB14200622957 /* ChunkManager.swift */ = {isa = PBXFileReference; fileEncoding = 4; lastKnownFileType = sourcecode.swift; path = ChunkManager.swift; sourceTree = "<group>"; };
		BBBC399A1CAAB29900622957 /* GitApiManager.swift */ = {isa = PBXFileReference; fileEncoding = 4; lastKnownFileType = sourcecode.swift; path = GitApiManager.swift; sourceTree = "<group>"; };
		BBBC399C1CAAB4A200622957 /* GitJSONParser.swift */ = {isa = PBXFileReference; fileEncoding = 4; lastKnownFileType = sourcecode.swift; path = GitJSONParser.swift; sourceTree = "<group>"; };
		BBBC399E1CAAB52B00622957 /* GitDataProvider.swift */ = {isa = PBXFileReference; fileEncoding = 4; lastKnownFileType = sourcecode.swift; path = GitDataProvider.swift; sourceTree = "<group>"; };
		BBBC39A01CAACDF300622957 /* GitOperations.swift */ = {isa = PBXFileReference; fileEncoding = 4; lastKnownFileType = sourcecode.swift; path = GitOperations.swift; sourceTree = "<group>"; };
/* End PBXFileReference section */

/* Begin PBXFrameworksBuildPhase section */
		BBBC397A1CAA924500622957 /* Frameworks */ = {
			isa = PBXFrameworksBuildPhase;
			buildActionMask = 2147483647;
			files = (
			);
			runOnlyForDeploymentPostprocessing = 0;
		};
/* End PBXFrameworksBuildPhase section */

/* Begin PBXGroup section */
		BB24593D1CAB1D3E0092F8C5 /* ViewControllers */ = {
			isa = PBXGroup;
			children = (
				BBBC39821CAA924600622957 /* ViewController.swift */,
				BB2459391CAB15BD0092F8C5 /* AvatarPreviewViewController.swift */,
			);
			name = ViewControllers;
			sourceTree = "<group>";
		};
		BB24593E1CAB1D4C0092F8C5 /* Trasitions */ = {
			isa = PBXGroup;
			children = (
				BB24593B1CAB182B0092F8C5 /* Animator.swift */,
			);
			name = Trasitions;
			sourceTree = "<group>";
		};
		BB24593F1CAB1D5A0092F8C5 /* Model */ = {
			isa = PBXGroup;
			children = (
				BB2459371CAB0D170092F8C5 /* ImageManager.swift */,
				BBBC39981CAAB14200622957 /* ChunkManager.swift */,
				BBBC399E1CAAB52B00622957 /* GitDataProvider.swift */,
				BBBC39941CAA96C600622957 /* GitUsersDataSource.swift */,
				BBBC399A1CAAB29900622957 /* GitApiManager.swift */,
				BBBC39A01CAACDF300622957 /* GitOperations.swift */,
				BBBC399C1CAAB4A200622957 /* GitJSONParser.swift */,
				BBBC39921CAA963800622957 /* GitUser.swift */,
				BBBC39961CAA994400622957 /* DataManager.swift */,
			);
			name = Model;
			sourceTree = "<group>";
		};
		BBBC39741CAA924500622957 = {
			isa = PBXGroup;
			children = (
				BBBC397F1CAA924600622957 /* GitHubUsers */,
				BBBC397E1CAA924500622957 /* Products */,
			);
			sourceTree = "<group>";
		};
		BBBC397E1CAA924500622957 /* Products */ = {
			isa = PBXGroup;
			children = (
				BBBC397D1CAA924500622957 /* GitHubUsers.app */,
			);
			name = Products;
			sourceTree = "<group>";
		};
		BBBC397F1CAA924600622957 /* GitHubUsers */ = {
			isa = PBXGroup;
			children = (
				BBBC39801CAA924600622957 /* AppDelegate.swift */,
				BB24593D1CAB1D3E0092F8C5 /* ViewControllers */,
				BB24593E1CAB1D4C0092F8C5 /* Trasitions */,
				BB24593F1CAB1D5A0092F8C5 /* Model */,
				BBBC39841CAA924600622957 /* Main.storyboard */,
				BBBC39871CAA924600622957 /* Assets.xcassets */,
				BBBC39891CAA924600622957 /* LaunchScreen.storyboard */,
				BBBC398C1CAA924600622957 /* Info.plist */,
			);
			path = GitHubUsers;
			sourceTree = "<group>";
		};
/* End PBXGroup section */

/* Begin PBXNativeTarget section */
		BBBC397C1CAA924500622957 /* GitHubUsers */ = {
			isa = PBXNativeTarget;
			buildConfigurationList = BBBC398F1CAA924600622957 /* Build configuration list for PBXNativeTarget "GitHubUsers" */;
			buildPhases = (
				BBBC39791CAA924500622957 /* Sources */,
				BBBC397A1CAA924500622957 /* Frameworks */,
				BBBC397B1CAA924500622957 /* Resources */,
			);
			buildRules = (
			);
			dependencies = (
			);
			name = GitHubUsers;
			productName = GitHubUsers;
			productReference = BBBC397D1CAA924500622957 /* GitHubUsers.app */;
			productType = "com.apple.product-type.application";
		};
/* End PBXNativeTarget section */

/* Begin PBXProject section */
		BBBC39751CAA924500622957 /* Project object */ = {
			isa = PBXProject;
			attributes = {
				LastSwiftUpdateCheck = 0730;
				LastUpgradeCheck = 0730;
				ORGANIZATIONNAME = none;
				TargetAttributes = {
					BBBC397C1CAA924500622957 = {
						CreatedOnToolsVersion = 7.3;
					};
				};
			};
			buildConfigurationList = BBBC39781CAA924500622957 /* Build configuration list for PBXProject "GitHubUsers" */;
			compatibilityVersion = "Xcode 3.2";
			developmentRegion = English;
			hasScannedForEncodings = 0;
			knownRegions = (
				en,
				Base,
			);
			mainGroup = BBBC39741CAA924500622957;
			productRefGroup = BBBC397E1CAA924500622957 /* Products */;
			projectDirPath = "";
			projectRoot = "";
			targets = (
				BBBC397C1CAA924500622957 /* GitHubUsers */,
			);
		};
/* End PBXProject section */

/* Begin PBXResourcesBuildPhase section */
		BBBC397B1CAA924500622957 /* Resources */ = {
			isa = PBXResourcesBuildPhase;
			buildActionMask = 2147483647;
			files = (
				BBBC398B1CAA924600622957 /* LaunchScreen.storyboard in Resources */,
				BBBC39881CAA924600622957 /* Assets.xcassets in Resources */,
				BBBC39861CAA924600622957 /* Main.storyboard in Resources */,
			);
			runOnlyForDeploymentPostprocessing = 0;
		};
/* End PBXResourcesBuildPhase section */

/* Begin PBXSourcesBuildPhase section */
		BBBC39791CAA924500622957 /* Sources */ = {
			isa = PBXSourcesBuildPhase;
			buildActionMask = 2147483647;
			files = (
				BBBC39931CAA963800622957 /* GitUser.swift in Sources */,
				BBBC399D1CAAB4A200622957 /* GitJSONParser.swift in Sources */,
				BBBC399F1CAAB52B00622957 /* GitDataProvider.swift in Sources */,
				BBBC39971CAA994400622957 /* DataManager.swift in Sources */,
				BBBC399B1CAAB29900622957 /* GitApiManager.swift in Sources */,
				BBBC39831CAA924600622957 /* ViewController.swift in Sources */,
				BBBC39A11CAACDF300622957 /* GitOperations.swift in Sources */,
				BB24593C1CAB182B0092F8C5 /* Animator.swift in Sources */,
				BBBC39991CAAB14200622957 /* ChunkManager.swift in Sources */,
				BB24593A1CAB15BD0092F8C5 /* AvatarPreviewViewController.swift in Sources */,
				BBBC39811CAA924600622957 /* AppDelegate.swift in Sources */,
				BB2459381CAB0D170092F8C5 /* ImageManager.swift in Sources */,
				BBBC39951CAA96C600622957 /* GitUsersDataSource.swift in Sources */,
			);
			runOnlyForDeploymentPostprocessing = 0;
		};
/* End PBXSourcesBuildPhase section */

/* Begin PBXVariantGroup section */
		BBBC39841CAA924600622957 /* Main.storyboard */ = {
			isa = PBXVariantGroup;
			children = (
				BBBC39851CAA924600622957 /* Base */,
			);
			name = Main.storyboard;
			sourceTree = "<group>";
		};
		BBBC39891CAA924600622957 /* LaunchScreen.storyboard */ = {
			isa = PBXVariantGroup;
			children = (
				BBBC398A1CAA924600622957 /* Base */,
			);
			name = LaunchScreen.storyboard;
			sourceTree = "<group>";
		};
/* End PBXVariantGroup section */

/* Begin XCBuildConfiguration section */
		BBBC398D1CAA924600622957 /* Debug */ = {
			isa = XCBuildConfiguration;
			buildSettings = {
				ALWAYS_SEARCH_USER_PATHS = NO;
				CLANG_ANALYZER_NONNULL = YES;
				CLANG_CXX_LANGUAGE_STANDARD = "gnu++0x";
				CLANG_CXX_LIBRARY = "libc++";
				CLANG_ENABLE_MODULES = YES;
				CLANG_ENABLE_OBJC_ARC = YES;
				CLANG_WARN_BOOL_CONVERSION = YES;
				CLANG_WARN_CONSTANT_CONVERSION = YES;
				CLANG_WARN_DIRECT_OBJC_ISA_USAGE = YES_ERROR;
				CLANG_WARN_EMPTY_BODY = YES;
				CLANG_WARN_ENUM_CONVERSION = YES;
				CLANG_WARN_INT_CONVERSION = YES;
				CLANG_WARN_OBJC_ROOT_CLASS = YES_ERROR;
				CLANG_WARN_UNREACHABLE_CODE = YES;
				CLANG_WARN__DUPLICATE_METHOD_MATCH = YES;
				"CODE_SIGN_IDENTITY[sdk=iphoneos*]" = "iPhone Developer";
				COPY_PHASE_STRIP = NO;
				DEBUG_INFORMATION_FORMAT = dwarf;
				ENABLE_STRICT_OBJC_MSGSEND = YES;
				ENABLE_TESTABILITY = YES;
				GCC_C_LANGUAGE_STANDARD = gnu99;
				GCC_DYNAMIC_NO_PIC = NO;
				GCC_NO_COMMON_BLOCKS = YES;
				GCC_OPTIMIZATION_LEVEL = 0;
				GCC_PREPROCESSOR_DEFINITIONS = (
					"DEBUG=1",
					"$(inherited)",
				);
				GCC_WARN_64_TO_32_BIT_CONVERSION = YES;
				GCC_WARN_ABOUT_RETURN_TYPE = YES_ERROR;
				GCC_WARN_UNDECLARED_SELECTOR = YES;
				GCC_WARN_UNINITIALIZED_AUTOS = YES_AGGRESSIVE;
				GCC_WARN_UNUSED_FUNCTION = YES;
				GCC_WARN_UNUSED_VARIABLE = YES;
				IPHONEOS_DEPLOYMENT_TARGET = 9.0;
				MTL_ENABLE_DEBUG_INFO = YES;
				ONLY_ACTIVE_ARCH = YES;
				SDKROOT = iphoneos;
				SWIFT_OPTIMIZATION_LEVEL = "-Onone";
			};
			name = Debug;
		};
		BBBC398E1CAA924600622957 /* Release */ = {
			isa = XCBuildConfiguration;
			buildSettings = {
				ALWAYS_SEARCH_USER_PATHS = NO;
				CLANG_ANALYZER_NONNULL = YES;
				CLANG_CXX_LANGUAGE_STANDARD = "gnu++0x";
				CLANG_CXX_LIBRARY = "libc++";
				CLANG_ENABLE_MODULES = YES;
				CLANG_ENABLE_OBJC_ARC = YES;
				CLANG_WARN_BOOL_CONVERSION = YES;
				CLANG_WARN_CONSTANT_CONVERSION = YES;
				CLANG_WARN_DIRECT_OBJC_ISA_USAGE = YES_ERROR;
				CLANG_WARN_EMPTY_BODY = YES;
				CLANG_WARN_ENUM_CONVERSION = YES;
				CLANG_WARN_INT_CONVERSION = YES;
				CLANG_WARN_OBJC_ROOT_CLASS = YES_ERROR;
				CLANG_WARN_UNREACHABLE_CODE = YES;
				CLANG_WARN__DUPLICATE_METHOD_MATCH = YES;
				"CODE_SIGN_IDENTITY[sdk=iphoneos*]" = "iPhone Developer";
				COPY_PHASE_STRIP = NO;
				DEBUG_INFORMATION_FORMAT = "dwarf-with-dsym";
				ENABLE_NS_ASSERTIONS = NO;
				ENABLE_STRICT_OBJC_MSGSEND = YES;
				GCC_C_LANGUAGE_STANDARD = gnu99;
				GCC_NO_COMMON_BLOCKS = YES;
				GCC_WARN_64_TO_32_BIT_CONVERSION = YES;
				GCC_WARN_ABOUT_RETURN_TYPE = YES_ERROR;
				GCC_WARN_UNDECLARED_SELECTOR = YES;
				GCC_WARN_UNINITIALIZED_AUTOS = YES_AGGRESSIVE;
				GCC_WARN_UNUSED_FUNCTION = YES;
				GCC_WARN_UNUSED_VARIABLE = YES;
				IPHONEOS_DEPLOYMENT_TARGET = 9.0;
				MTL_ENABLE_DEBUG_INFO = NO;
				SDKROOT = iphoneos;
				VALIDATE_PRODUCT = YES;
			};
			name = Release;
		};
		BBBC39901CAA924600622957 /* Debug */ = {
			isa = XCBuildConfiguration;
			buildSettings = {
				ASSETCATALOG_COMPILER_APPICON_NAME = AppIcon;
				INFOPLIST_FILE = GitHubUsers/Info.plist;
				IPHONEOS_DEPLOYMENT_TARGET = 9.0;
				LD_RUNPATH_SEARCH_PATHS = "$(inherited) @executable_path/Frameworks";
				PRODUCT_BUNDLE_IDENTIFIER = none.GitHubUsers;
				PRODUCT_NAME = "$(TARGET_NAME)";
			};
			name = Debug;
		};
		BBBC39911CAA924600622957 /* Release */ = {
			isa = XCBuildConfiguration;
			buildSettings = {
				ASSETCATALOG_COMPILER_APPICON_NAME = AppIcon;
				INFOPLIST_FILE = GitHubUsers/Info.plist;
				IPHONEOS_DEPLOYMENT_TARGET = 9.0;
				LD_RUNPATH_SEARCH_PATHS = "$(inherited) @executable_path/Frameworks";
				PRODUCT_BUNDLE_IDENTIFIER = none.GitHubUsers;
				PRODUCT_NAME = "$(TARGET_NAME)";
			};
			name = Release;
		};
/* End XCBuildConfiguration section */

/* Begin XCConfigurationList section */
		BBBC39781CAA924500622957 /* Build configuration list for PBXProject "GitHubUsers" */ = {
			isa = XCConfigurationList;
			buildConfigurations = (
				BBBC398D1CAA924600622957 /* Debug */,
				BBBC398E1CAA924600622957 /* Release */,
			);
			defaultConfigurationIsVisible = 0;
			defaultConfigurationName = Release;
		};
		BBBC398F1CAA924600622957 /* Build configuration list for PBXNativeTarget "GitHubUsers" */ = {
			isa = XCConfigurationList;
			buildConfigurations = (
				BBBC39901CAA924600622957 /* Debug */,
				BBBC39911CAA924600622957 /* Release */,
			);
			defaultConfigurationIsVisible = 0;
			defaultConfigurationName = Release;
		};
/* End XCConfigurationList section */
	};
	rootObject = BBBC39751CAA924500622957 /* Project object */;
}
